
Microsoft Visual Studio Solution File, Format Version 12.00
# Visual Studio Version 16
VisualStudioVersion = 16.0.29613.14
MinimumVisualStudioVersion = 10.0.40219.1
Project("{FAE04EC0-301F-11D3-BF4B-00C04F79EFBC}") = "Sudoku", "Sudoku\Sudoku.csproj", "{2A3D6CC2-AD0B-4F89-A099-1E6609BD6AB1}"
EndProject
Global
	GlobalSection(SolutionConfigurationPlatforms) = preSolution
		Debug|Any CPU = Debug|Any CPU
		Release|Any CPU = Release|Any CPU
	EndGlobalSection
	GlobalSection(ProjectConfigurationPlatforms) = postSolution
		{2A3D6CC2-AD0B-4F89-A099-1E6609BD6AB1}.Debug|Any CPU.ActiveCfg = Debug|Any CPU
		{2A3D6CC2-AD0B-4F89-A099-1E6609BD6AB1}.Debug|Any CPU.Build.0 = Debug|Any CPU
		{2A3D6CC2-AD0B-4F89-A099-1E6609BD6AB1}.Release|Any CPU.ActiveCfg = Release|Any CPU
		{2A3D6CC2-AD0B-4F89-A099-1E6609BD6AB1}.Release|Any CPU.Build.0 = Release|Any CPU
	EndGlobalSection
	GlobalSection(SolutionProperties) = preSolution
		HideSolutionNode = FALSE
	EndGlobalSection
	GlobalSection(ExtensibilityGlobals) = postSolution
		SolutionGuid = {52326A72-1A5C-4D3F-B7AE-F3C48413FD8E}
	EndGlobalSection
EndGlobal
